{
  "name": "my_clinic",
  "version": "1.0.0",
  "lockfileVersion": 1,
  "requires": true,
  "dependencies": {
    "fullcalendar": {
      "version": "5.3.2",
      "resolved": "https://registry.npmjs.org/fullcalendar/-/fullcalendar-5.3.2.tgz",
      "integrity": "sha512-yoNPnz51so+nWV+Ge/X1NECsTy+viP6nhHgRql5U3WvV7XL09yDIWXSCcuEaU4C/0ZmpUApgZ+e7wvWB0TYwRA=="
    },
    "fullcalendar-scheduler": {
      "version": "5.3.2",
      "resolved": "https://registry.npmjs.org/fullcalendar-scheduler/-/fullcalendar-scheduler-5.3.2.tgz",
      "integrity": "sha512-fU9865ifB1UMvuCimkf3F3skr18M58TGlrAYhJ9jG7VNYX6KXAo0xJP4r515JnjXnvUHfhPqs+co5hXd6LDZEQ=="
    }
  }
}
