{
  "requires": true,
  "lockfileVersion": 1,
  "dependencies": {
    "@fullcalendar/common": {
      "version": "5.3.1",
      "resolved": "https://registry.npmjs.org/@fullcalendar/common/-/common-5.3.1.tgz",
      "integrity": "sha512-2PREEpiFQSDN5MNdoD/OkpJ+d7FPtN2TwTJMsuq3fTjmj3nM+utrxBmUr9a2F6WWW1X+xGU5nHQA52vhqIiQOQ==",
      "requires": {
        "tslib": "^2.0.0"
      }
    },
    "@fullcalendar/core": {
      "version": "5.3.1",
      "resolved": "https://registry.npmjs.org/@fullcalendar/core/-/core-5.3.1.tgz",
      "integrity": "sha512-CqcpMimyuTf4DI+s1Se9bjVQMa2PDGtTBj8CYaCf8nSu+Wc6/RoimhIiA5bDTyg4KQFqXFT8ojt1avC05ZBvgg==",
      "requires": {
        "@fullcalendar/common": "~5.3.1",
        "preact": "^10.0.5",
        "tslib": "^2.0.0"
      }
    },
    "@fullcalendar/daygrid": {
      "version": "5.3.2",
      "resolved": "https://registry.npmjs.org/@fullcalendar/daygrid/-/daygrid-5.3.2.tgz",
      "integrity": "sha512-BK+YIecF3q9d/+6lAnf6WiJEEs7Wpa/mu9gXpkEf8vn4nl2bicPHUwykg5dUMCBy7ADAkDoL7VuBVi0XBRtPYw==",
      "requires": {
        "@fullcalendar/common": "~5.3.1",
        "tslib": "^2.0.0"
      }
    },
    "fullcalendar": {
      "version": "5.3.2",
      "resolved": "https://registry.npmjs.org/fullcalendar/-/fullcalendar-5.3.2.tgz",
      "integrity": "sha512-yoNPnz51so+nWV+Ge/X1NECsTy+viP6nhHgRql5U3WvV7XL09yDIWXSCcuEaU4C/0ZmpUApgZ+e7wvWB0TYwRA=="
    },
    "fullcalendar-scheduler": {
      "version": "5.3.2",
      "resolved": "https://registry.npmjs.org/fullcalendar-scheduler/-/fullcalendar-scheduler-5.3.2.tgz",
      "integrity": "sha512-fU9865ifB1UMvuCimkf3F3skr18M58TGlrAYhJ9jG7VNYX6KXAo0xJP4r515JnjXnvUHfhPqs+co5hXd6LDZEQ=="
    },
    "preact": {
      "version": "10.4.8",
      "resolved": "https://registry.npmjs.org/preact/-/preact-10.4.8.tgz",
      "integrity": "sha512-uVLeEAyRsCkUEFhVHlOu17OxcrwC7+hTGZ08kBoLBiGHiZooUZuibQnphgMKftw/rqYntNMyhVCPqQhcyAGHag=="
    },
    "tslib": {
      "version": "2.0.1",
      "resolved": "https://registry.npmjs.org/tslib/-/tslib-2.0.1.tgz",
      "integrity": "sha512-SgIkNheinmEBgx1IUNirK0TUD4X9yjjBRTqqjggWCU3pUEqIk3/Uwl3yRixYKT6WjQuGiwDv4NomL3wqRCj+CQ=="
    }
  }
}
